
Microsoft Visual Studio Solution File, Format Version 12.00
# Visual Studio 15
VisualStudioVersion = 15.0.26730.8
MinimumVisualStudioVersion = 10.0.40219.1
Project("{9A19103F-16F7-4668-BE54-9A1E7A4F7556}") = "PizzeriaMassagotti", "Pizzeria Massagotti\PizzeriaMassagotti.csproj", "{CA83A64B-7C43-4D28-A904-E611E380FE16}"
EndProject
Project("{9A19103F-16F7-4668-BE54-9A1E7A4F7556}") = "PizzeriaMassagottiUnitTest", "PizzeriaMassagottiUnitTest\PizzeriaMassagottiUnitTest.csproj", "{66778A63-7479-486D-AF75-C99F3D8BE143}"
EndProject
Global
	GlobalSection(SolutionConfigurationPlatforms) = preSolution
		Debug|Any CPU = Debug|Any CPU
		LocalIIS|Any CPU = LocalIIS|Any CPU
		Release|Any CPU = Release|Any CPU
	EndGlobalSection
	GlobalSection(ProjectConfigurationPlatforms) = postSolution
		{CA83A64B-7C43-4D28-A904-E611E380FE16}.Debug|Any CPU.ActiveCfg = Debug|Any CPU
		{CA83A64B-7C43-4D28-A904-E611E380FE16}.Debug|Any CPU.Build.0 = Debug|Any CPU
		{CA83A64B-7C43-4D28-A904-E611E380FE16}.LocalIIS|Any CPU.ActiveCfg = LocalIIS|Any CPU
		{CA83A64B-7C43-4D28-A904-E611E380FE16}.LocalIIS|Any CPU.Build.0 = LocalIIS|Any CPU
		{CA83A64B-7C43-4D28-A904-E611E380FE16}.Release|Any CPU.ActiveCfg = Release|Any CPU
		{CA83A64B-7C43-4D28-A904-E611E380FE16}.Release|Any CPU.Build.0 = Release|Any CPU
		{66778A63-7479-486D-AF75-C99F3D8BE143}.Debug|Any CPU.ActiveCfg = Debug|Any CPU
		{66778A63-7479-486D-AF75-C99F3D8BE143}.Debug|Any CPU.Build.0 = Debug|Any CPU
		{66778A63-7479-486D-AF75-C99F3D8BE143}.LocalIIS|Any CPU.ActiveCfg = Debug|Any CPU
		{66778A63-7479-486D-AF75-C99F3D8BE143}.LocalIIS|Any CPU.Build.0 = Debug|Any CPU
		{66778A63-7479-486D-AF75-C99F3D8BE143}.Release|Any CPU.ActiveCfg = Release|Any CPU
		{66778A63-7479-486D-AF75-C99F3D8BE143}.Release|Any CPU.Build.0 = Release|Any CPU
	EndGlobalSection
	GlobalSection(SolutionProperties) = preSolution
		HideSolutionNode = FALSE
	EndGlobalSection
	GlobalSection(ExtensibilityGlobals) = postSolution
		SolutionGuid = {DB543BC7-DE0A-4586-8C3D-B55A44A40048}
	EndGlobalSection
EndGlobal
